// !$*UTF8*$!
{
	archiveVersion = 1;
	classes = {
	};
	objectVersion = 56;
	objects = {

/* Begin PBXBuildFile section */
		DD00D7FC2A046082007EF999 /* NetworkManager in Frameworks */ = {isa = PBXBuildFile; productRef = DD00D7FB2A046082007EF999 /* NetworkManager */; };
		DD00D7FF2A046173007EF999 /* APIConstants.swift in Sources */ = {isa = PBXBuildFile; fileRef = DD00D7FE2A046173007EF999 /* APIConstants.swift */; };
		DD22F6682A082FF00076F402 /* RequestManagerMock.swift in Sources */ = {isa = PBXBuildFile; fileRef = DD22F6672A082FF00076F402 /* RequestManagerMock.swift */; };
		DD22F66A2A0830380076F402 /* APIManagerMock.swift in Sources */ = {isa = PBXBuildFile; fileRef = DD22F6692A0830380076F402 /* APIManagerMock.swift */; };
		DD22F66C2A0830C40076F402 /* TransactionServiceTests.swift in Sources */ = {isa = PBXBuildFile; fileRef = DD22F66B2A0830C40076F402 /* TransactionServiceTests.swift */; };
		DD22F66E2A08325A0076F402 /* TransactionServiceFactory.swift in Sources */ = {isa = PBXBuildFile; fileRef = DD22F66D2A08325A0076F402 /* TransactionServiceFactory.swift */; };
		DD2661EC2A0667FA00A0A98F /* AppEnvironment.swift in Sources */ = {isa = PBXBuildFile; fileRef = DD2661EB2A0667FA00A0A98F /* AppEnvironment.swift */; };
		DD2661EF2A066F8400A0A98F /* MockDataProvider.swift in Sources */ = {isa = PBXBuildFile; fileRef = DD2661EE2A066F8400A0A98F /* MockDataProvider.swift */; };
		DD2661F12A06732900A0A98F /* TransactionListModelView.swift in Sources */ = {isa = PBXBuildFile; fileRef = DD2661F02A06732900A0A98F /* TransactionListModelView.swift */; };
		DD2661F52A06818300A0A98F /* TransactionItemCard.swift in Sources */ = {isa = PBXBuildFile; fileRef = DD2661F42A06818300A0A98F /* TransactionItemCard.swift */; };
		DD3EF6322A07C027002DDEBE /* DashboardView.swift in Sources */ = {isa = PBXBuildFile; fileRef = DD3EF6312A07C027002DDEBE /* DashboardView.swift */; };
		DD3EF6352A07C0D9002DDEBE /* SettingsView.swift in Sources */ = {isa = PBXBuildFile; fileRef = DD3EF6342A07C0D9002DDEBE /* SettingsView.swift */; };
		DD3EF6382A07FC9A002DDEBE /* ErrorView.swift in Sources */ = {isa = PBXBuildFile; fileRef = DD3EF6372A07FC9A002DDEBE /* ErrorView.swift */; };
		DD3EF63C2A0814CF002DDEBE /* Localizable.strings in Resources */ = {isa = PBXBuildFile; fileRef = DD3EF63E2A0814CF002DDEBE /* Localizable.strings */; };
		DD3EF6412A081989002DDEBE /* swiftgen.yml in Resources */ = {isa = PBXBuildFile; fileRef = DD3EF6402A081989002DDEBE /* swiftgen.yml */; };
		DD3EF6432A081AE5002DDEBE /* LocalizedAppStrings.swift in Sources */ = {isa = PBXBuildFile; fileRef = DD3EF6422A081AE5002DDEBE /* LocalizedAppStrings.swift */; };
		DD3EF6462A081B9A002DDEBE /* TransactionDetailView.swift in Sources */ = {isa = PBXBuildFile; fileRef = DD3EF6452A081B9A002DDEBE /* TransactionDetailView.swift */; };
		DD3EF6482A0821C9002DDEBE /* TransactionsFilter.swift in Sources */ = {isa = PBXBuildFile; fileRef = DD3EF6472A0821C9002DDEBE /* TransactionsFilter.swift */; };
		DD3EF64C2A082552002DDEBE /* TransactionServiceMock.swift in Sources */ = {isa = PBXBuildFile; fileRef = DD3EF64A2A082510002DDEBE /* TransactionServiceMock.swift */; };
		DD3EF64E2A0825BB002DDEBE /* TransactionListViewModelTests.swift in Sources */ = {isa = PBXBuildFile; fileRef = DD3EF64D2A0825BB002DDEBE /* TransactionListViewModelTests.swift */; };
		DDF46DB52A0458FA0006327D /* WorldOfPaybackApp.swift in Sources */ = {isa = PBXBuildFile; fileRef = DDF46DB42A0458FA0006327D /* WorldOfPaybackApp.swift */; };
		DDF46DB72A0458FA0006327D /* TransactionListView.swift in Sources */ = {isa = PBXBuildFile; fileRef = DDF46DB62A0458FA0006327D /* TransactionListView.swift */; };
		DDF46DB92A0458FB0006327D /* Assets.xcassets in Resources */ = {isa = PBXBuildFile; fileRef = DDF46DB82A0458FB0006327D /* Assets.xcassets */; };
		DDF46DBC2A0458FB0006327D /* Preview Assets.xcassets in Resources */ = {isa = PBXBuildFile; fileRef = DDF46DBB2A0458FB0006327D /* Preview Assets.xcassets */; };
		DDF46DE12A0459300006327D /* README.md in Resources */ = {isa = PBXBuildFile; fileRef = DDF46DDF2A0459300006327D /* README.md */; };
		DDF46DE22A0459300006327D /* PBTransactions.json in Resources */ = {isa = PBXBuildFile; fileRef = DDF46DE02A0459300006327D /* PBTransactions.json */; };
		DDF46DE62A0459A50006327D /* Transactions.swift in Sources */ = {isa = PBXBuildFile; fileRef = DDF46DE52A0459A50006327D /* Transactions.swift */; };
		DDF46DF02A045EC50006327D /* TransactionService.swift in Sources */ = {isa = PBXBuildFile; fileRef = DDF46DEF2A045EC50006327D /* TransactionService.swift */; };
		DDF46DF22A045EF20006327D /* TransactionRequest.swift in Sources */ = {isa = PBXBuildFile; fileRef = DDF46DF12A045EF20006327D /* TransactionRequest.swift */; };
/* End PBXBuildFile section */

/* Begin PBXContainerItemProxy section */
		DDF46DC22A0458FB0006327D /* PBXContainerItemProxy */ = {
			isa = PBXContainerItemProxy;
			containerPortal = DDF46DA92A0458FA0006327D /* Project object */;
			proxyType = 1;
			remoteGlobalIDString = DDF46DB02A0458FA0006327D;
			remoteInfo = WorldOfPayback;
		};
/* End PBXContainerItemProxy section */

/* Begin PBXFileReference section */
		DD00D7FE2A046173007EF999 /* APIConstants.swift */ = {isa = PBXFileReference; fileEncoding = 4; lastKnownFileType = sourcecode.swift; path = APIConstants.swift; sourceTree = "<group>"; };
		DD22F6672A082FF00076F402 /* RequestManagerMock.swift */ = {isa = PBXFileReference; lastKnownFileType = sourcecode.swift; path = RequestManagerMock.swift; sourceTree = "<group>"; };
		DD22F6692A0830380076F402 /* APIManagerMock.swift */ = {isa = PBXFileReference; lastKnownFileType = sourcecode.swift; path = APIManagerMock.swift; sourceTree = "<group>"; };
		DD22F66B2A0830C40076F402 /* TransactionServiceTests.swift */ = {isa = PBXFileReference; lastKnownFileType = sourcecode.swift; path = TransactionServiceTests.swift; sourceTree = "<group>"; };
		DD22F66D2A08325A0076F402 /* TransactionServiceFactory.swift */ = {isa = PBXFileReference; lastKnownFileType = sourcecode.swift; path = TransactionServiceFactory.swift; sourceTree = "<group>"; };
		DD2661EB2A0667FA00A0A98F /* AppEnvironment.swift */ = {isa = PBXFileReference; lastKnownFileType = sourcecode.swift; path = AppEnvironment.swift; sourceTree = "<group>"; };
		DD2661EE2A066F8400A0A98F /* MockDataProvider.swift */ = {isa = PBXFileReference; lastKnownFileType = sourcecode.swift; path = MockDataProvider.swift; sourceTree = "<group>"; };
		DD2661F02A06732900A0A98F /* TransactionListModelView.swift */ = {isa = PBXFileReference; lastKnownFileType = sourcecode.swift; path = TransactionListModelView.swift; sourceTree = "<group>"; };
		DD2661F42A06818300A0A98F /* TransactionItemCard.swift */ = {isa = PBXFileReference; lastKnownFileType = sourcecode.swift; path = TransactionItemCard.swift; sourceTree = "<group>"; };
		DD3EF6312A07C027002DDEBE /* DashboardView.swift */ = {isa = PBXFileReference; lastKnownFileType = sourcecode.swift; path = DashboardView.swift; sourceTree = "<group>"; };
		DD3EF6342A07C0D9002DDEBE /* SettingsView.swift */ = {isa = PBXFileReference; lastKnownFileType = sourcecode.swift; path = SettingsView.swift; sourceTree = "<group>"; };
		DD3EF6372A07FC9A002DDEBE /* ErrorView.swift */ = {isa = PBXFileReference; lastKnownFileType = sourcecode.swift; path = ErrorView.swift; sourceTree = "<group>"; };
		DD3EF63D2A0814CF002DDEBE /* en */ = {isa = PBXFileReference; lastKnownFileType = text.plist.strings; name = en; path = en.lproj/Localizable.strings; sourceTree = "<group>"; };
		DD3EF63F2A0814E5002DDEBE /* de */ = {isa = PBXFileReference; lastKnownFileType = text.plist.strings; name = de; path = de.lproj/Localizable.strings; sourceTree = "<group>"; };
		DD3EF6402A081989002DDEBE /* swiftgen.yml */ = {isa = PBXFileReference; fileEncoding = 4; lastKnownFileType = text.yaml; path = swiftgen.yml; sourceTree = SOURCE_ROOT; };
		DD3EF6422A081AE5002DDEBE /* LocalizedAppStrings.swift */ = {isa = PBXFileReference; fileEncoding = 4; lastKnownFileType = sourcecode.swift; path = LocalizedAppStrings.swift; sourceTree = "<group>"; };
		DD3EF6452A081B9A002DDEBE /* TransactionDetailView.swift */ = {isa = PBXFileReference; lastKnownFileType = sourcecode.swift; path = TransactionDetailView.swift; sourceTree = "<group>"; };
		DD3EF6472A0821C9002DDEBE /* TransactionsFilter.swift */ = {isa = PBXFileReference; lastKnownFileType = sourcecode.swift; path = TransactionsFilter.swift; sourceTree = "<group>"; };
		DD3EF64A2A082510002DDEBE /* TransactionServiceMock.swift */ = {isa = PBXFileReference; lastKnownFileType = sourcecode.swift; path = TransactionServiceMock.swift; sourceTree = "<group>"; };
		DD3EF64D2A0825BB002DDEBE /* TransactionListViewModelTests.swift */ = {isa = PBXFileReference; lastKnownFileType = sourcecode.swift; path = TransactionListViewModelTests.swift; sourceTree = "<group>"; };
		DD3EF64F2A082809002DDEBE /* WorldOfPayback.xctestplan */ = {isa = PBXFileReference; lastKnownFileType = text; path = WorldOfPayback.xctestplan; sourceTree = "<group>"; };
		DDF46DB12A0458FA0006327D /* WorldOfPayback.app */ = {isa = PBXFileReference; explicitFileType = wrapper.application; includeInIndex = 0; path = WorldOfPayback.app; sourceTree = BUILT_PRODUCTS_DIR; };
		DDF46DB42A0458FA0006327D /* WorldOfPaybackApp.swift */ = {isa = PBXFileReference; lastKnownFileType = sourcecode.swift; path = WorldOfPaybackApp.swift; sourceTree = "<group>"; };
		DDF46DB62A0458FA0006327D /* TransactionListView.swift */ = {isa = PBXFileReference; lastKnownFileType = sourcecode.swift; path = TransactionListView.swift; sourceTree = "<group>"; };
		DDF46DB82A0458FB0006327D /* Assets.xcassets */ = {isa = PBXFileReference; lastKnownFileType = folder.assetcatalog; path = Assets.xcassets; sourceTree = "<group>"; };
		DDF46DBB2A0458FB0006327D /* Preview Assets.xcassets */ = {isa = PBXFileReference; lastKnownFileType = folder.assetcatalog; path = "Preview Assets.xcassets"; sourceTree = "<group>"; };
		DDF46DC12A0458FB0006327D /* WorldOfPaybackTests.xctest */ = {isa = PBXFileReference; explicitFileType = wrapper.cfbundle; includeInIndex = 0; path = WorldOfPaybackTests.xctest; sourceTree = BUILT_PRODUCTS_DIR; };
		DDF46DDF2A0459300006327D /* README.md */ = {isa = PBXFileReference; fileEncoding = 4; lastKnownFileType = net.daringfireball.markdown; path = README.md; sourceTree = "<group>"; };
		DDF46DE02A0459300006327D /* PBTransactions.json */ = {isa = PBXFileReference; fileEncoding = 4; lastKnownFileType = text.json; path = PBTransactions.json; sourceTree = "<group>"; };
		DDF46DE52A0459A50006327D /* Transactions.swift */ = {isa = PBXFileReference; lastKnownFileType = sourcecode.swift; path = Transactions.swift; sourceTree = "<group>"; };
		DDF46DEB2A045B100006327D /* NetworkManager */ = {isa = PBXFileReference; lastKnownFileType = wrapper; name = NetworkManager; path = Packages/NetworkManager; sourceTree = "<group>"; };
		DDF46DEF2A045EC50006327D /* TransactionService.swift */ = {isa = PBXFileReference; lastKnownFileType = sourcecode.swift; path = TransactionService.swift; sourceTree = "<group>"; };
		DDF46DF12A045EF20006327D /* TransactionRequest.swift */ = {isa = PBXFileReference; lastKnownFileType = sourcecode.swift; path = TransactionRequest.swift; sourceTree = "<group>"; };
		DDF46DF32A045F140006327D /* Info.plist */ = {isa = PBXFileReference; lastKnownFileType = text.plist.xml; path = Info.plist; sourceTree = "<group>"; };
/* End PBXFileReference section */

/* Begin PBXFrameworksBuildPhase section */
		DDF46DAE2A0458FA0006327D /* Frameworks */ = {
			isa = PBXFrameworksBuildPhase;
			buildActionMask = 2147483647;
			files = (
				DD00D7FC2A046082007EF999 /* NetworkManager in Frameworks */,
			);
			runOnlyForDeploymentPostprocessing = 0;
		};
		DDF46DBE2A0458FB0006327D /* Frameworks */ = {
			isa = PBXFrameworksBuildPhase;
			buildActionMask = 2147483647;
			files = (
			);
			runOnlyForDeploymentPostprocessing = 0;
		};
/* End PBXFrameworksBuildPhase section */

/* Begin PBXGroup section */
		DD00D7FD2A046167007EF999 /* Constants */ = {
			isa = PBXGroup;
			children = (
				DD00D7FE2A046173007EF999 /* APIConstants.swift */,
			);
			path = Constants;
			sourceTree = "<group>";
		};
		DD2661F22A067D8600A0A98F /* TransactionList */ = {
			isa = PBXGroup;
			children = (
				DDF46DB62A0458FA0006327D /* TransactionListView.swift */,
				DD2661F02A06732900A0A98F /* TransactionListModelView.swift */,
				DD2661F42A06818300A0A98F /* TransactionItemCard.swift */,
				DD3EF6472A0821C9002DDEBE /* TransactionsFilter.swift */,
			);
			path = TransactionList;
			sourceTree = "<group>";
		};
		DD2661F32A067D9800A0A98F /* Common */ = {
			isa = PBXGroup;
			children = (
				DD3EF6402A081989002DDEBE /* swiftgen.yml */,
				DDF46DB82A0458FB0006327D /* Assets.xcassets */,
				DDF46DF32A045F140006327D /* Info.plist */,
				DDF46DB42A0458FA0006327D /* WorldOfPaybackApp.swift */,
			);
			path = Common;
			sourceTree = "<group>";
		};
		DD3EF6332A07C0CC002DDEBE /* Settings */ = {
			isa = PBXGroup;
			children = (
				DD3EF6342A07C0D9002DDEBE /* SettingsView.swift */,
			);
			path = Settings;
			sourceTree = "<group>";
		};
		DD3EF6362A07FC74002DDEBE /* Common Components */ = {
			isa = PBXGroup;
			children = (
				DD3EF6372A07FC9A002DDEBE /* ErrorView.swift */,
			);
			path = "Common Components";
			sourceTree = "<group>";
		};
		DD3EF6392A0813E0002DDEBE /* Localization */ = {
			isa = PBXGroup;
			children = (
				DD3EF6422A081AE5002DDEBE /* LocalizedAppStrings.swift */,
				DD3EF63E2A0814CF002DDEBE /* Localizable.strings */,
			);
			path = Localization;
			sourceTree = "<group>";
		};
		DD3EF6442A081B8C002DDEBE /* TransactionDetail */ = {
			isa = PBXGroup;
			children = (
				DD3EF6452A081B9A002DDEBE /* TransactionDetailView.swift */,
			);
			path = TransactionDetail;
			sourceTree = "<group>";
		};
		DD3EF6492A082505002DDEBE /* Mocks */ = {
			isa = PBXGroup;
			children = (
				DD3EF64A2A082510002DDEBE /* TransactionServiceMock.swift */,
				DD22F6672A082FF00076F402 /* RequestManagerMock.swift */,
				DD22F6692A0830380076F402 /* APIManagerMock.swift */,
			);
			path = Mocks;
			sourceTree = "<group>";
		};
		DDF46DA82A0458FA0006327D = {
			isa = PBXGroup;
			children = (
				DDF46DEA2A045B100006327D /* Packages */,
				DDF46DB32A0458FA0006327D /* WorldOfPayback */,
				DDF46DC42A0458FB0006327D /* WorldOfPaybackTests */,
				DDF46DB22A0458FA0006327D /* Products */,
				DDF46DDF2A0459300006327D /* README.md */,
				DDF46DF42A045F190006327D /* Frameworks */,
			);
			sourceTree = "<group>";
		};
		DDF46DB22A0458FA0006327D /* Products */ = {
			isa = PBXGroup;
			children = (
				DDF46DB12A0458FA0006327D /* WorldOfPayback.app */,
				DDF46DC12A0458FB0006327D /* WorldOfPaybackTests.xctest */,
			);
			name = Products;
			sourceTree = "<group>";
		};
		DDF46DB32A0458FA0006327D /* WorldOfPayback */ = {
			isa = PBXGroup;
			children = (
				DD3EF6312A07C027002DDEBE /* DashboardView.swift */,
				DD3EF6442A081B8C002DDEBE /* TransactionDetail */,
				DD3EF6362A07FC74002DDEBE /* Common Components */,
				DD3EF6332A07C0CC002DDEBE /* Settings */,
				DD2661F22A067D8600A0A98F /* TransactionList */,
				DDF46DE32A0459500006327D /* Core */,
				DD2661F32A067D9800A0A98F /* Common */,
				DDF46DEC2A045DC50006327D /* Resources */,
				DDF46DBA2A0458FB0006327D /* Preview Content */,
				DD3EF6492A082505002DDEBE /* Mocks */,
			);
			path = WorldOfPayback;
			sourceTree = "<group>";
		};
		DDF46DBA2A0458FB0006327D /* Preview Content */ = {
			isa = PBXGroup;
			children = (
				DDF46DBB2A0458FB0006327D /* Preview Assets.xcassets */,
			);
			path = "Preview Content";
			sourceTree = "<group>";
		};
		DDF46DC42A0458FB0006327D /* WorldOfPaybackTests */ = {
			isa = PBXGroup;
			children = (
				DD3EF64F2A082809002DDEBE /* WorldOfPayback.xctestplan */,
				DD3EF64D2A0825BB002DDEBE /* TransactionListViewModelTests.swift */,
				DD22F66B2A0830C40076F402 /* TransactionServiceTests.swift */,
			);
			path = WorldOfPaybackTests;
			sourceTree = "<group>";
		};
		DDF46DE32A0459500006327D /* Core */ = {
			isa = PBXGroup;
			children = (
				DD2661EB2A0667FA00A0A98F /* AppEnvironment.swift */,
				DD00D7FD2A046167007EF999 /* Constants */,
				DDF46DEE2A045EB20006327D /* Services */,
				DDF46DE42A0459600006327D /* Types */,
			);
			path = Core;
			sourceTree = "<group>";
		};
		DDF46DE42A0459600006327D /* Types */ = {
			isa = PBXGroup;
			children = (
				DDF46DE52A0459A50006327D /* Transactions.swift */,
			);
			path = Types;
			sourceTree = "<group>";
		};
		DDF46DEA2A045B100006327D /* Packages */ = {
			isa = PBXGroup;
			children = (
				DDF46DEB2A045B100006327D /* NetworkManager */,
			);
			name = Packages;
			sourceTree = "<group>";
		};
		DDF46DEC2A045DC50006327D /* Resources */ = {
			isa = PBXGroup;
			children = (
				DD3EF6392A0813E0002DDEBE /* Localization */,
				DDF46DED2A045DD00006327D /* Mocks */,
			);
			path = Resources;
			sourceTree = "<group>";
		};
		DDF46DED2A045DD00006327D /* Mocks */ = {
			isa = PBXGroup;
			children = (
				DDF46DE02A0459300006327D /* PBTransactions.json */,
			);
			path = Mocks;
			sourceTree = "<group>";
		};
		DDF46DEE2A045EB20006327D /* Services */ = {
			isa = PBXGroup;
			children = (
				DDF46DEF2A045EC50006327D /* TransactionService.swift */,
				DDF46DF12A045EF20006327D /* TransactionRequest.swift */,
				DD2661EE2A066F8400A0A98F /* MockDataProvider.swift */,
				DD22F66D2A08325A0076F402 /* TransactionServiceFactory.swift */,
			);
			path = Services;
			sourceTree = "<group>";
		};
		DDF46DF42A045F190006327D /* Frameworks */ = {
			isa = PBXGroup;
			children = (
			);
			name = Frameworks;
			sourceTree = "<group>";
		};
/* End PBXGroup section */

/* Begin PBXNativeTarget section */
		DDF46DB02A0458FA0006327D /* WorldOfPayback */ = {
			isa = PBXNativeTarget;
			buildConfigurationList = DDF46DD52A0458FB0006327D /* Build configuration list for PBXNativeTarget "WorldOfPayback" */;
			buildPhases = (
				DDF46DAD2A0458FA0006327D /* Sources */,
				DDF46DAE2A0458FA0006327D /* Frameworks */,
				DDF46DAF2A0458FA0006327D /* Resources */,
			);
			buildRules = (
			);
			dependencies = (
			);
			name = WorldOfPayback;
			packageProductDependencies = (
				DD00D7FB2A046082007EF999 /* NetworkManager */,
			);
			productName = WorldOfPayback;
			productReference = DDF46DB12A0458FA0006327D /* WorldOfPayback.app */;
			productType = "com.apple.product-type.application";
		};
		DDF46DC02A0458FB0006327D /* WorldOfPaybackTests */ = {
			isa = PBXNativeTarget;
			buildConfigurationList = DDF46DD82A0458FB0006327D /* Build configuration list for PBXNativeTarget "WorldOfPaybackTests" */;
			buildPhases = (
				DDF46DBD2A0458FB0006327D /* Sources */,
				DDF46DBE2A0458FB0006327D /* Frameworks */,
				DDF46DBF2A0458FB0006327D /* Resources */,
			);
			buildRules = (
			);
			dependencies = (
				DDF46DC32A0458FB0006327D /* PBXTargetDependency */,
			);
			name = WorldOfPaybackTests;
			productName = WorldOfPaybackTests;
			productReference = DDF46DC12A0458FB0006327D /* WorldOfPaybackTests.xctest */;
			productType = "com.apple.product-type.bundle.unit-test";
		};
/* End PBXNativeTarget section */

/* Begin PBXProject section */
		DDF46DA92A0458FA0006327D /* Project object */ = {
			isa = PBXProject;
			attributes = {
				BuildIndependentTargetsInParallel = 1;
				LastSwiftUpdateCheck = 1430;
				LastUpgradeCheck = 1430;
				TargetAttributes = {
					DDF46DB02A0458FA0006327D = {
						CreatedOnToolsVersion = 14.3;
					};
					DDF46DC02A0458FB0006327D = {
						CreatedOnToolsVersion = 14.3;
						TestTargetID = DDF46DB02A0458FA0006327D;
					};
				};
			};
			buildConfigurationList = DDF46DAC2A0458FA0006327D /* Build configuration list for PBXProject "WorldOfPayback" */;
			compatibilityVersion = "Xcode 14.0";
			developmentRegion = en;
			hasScannedForEncodings = 0;
			knownRegions = (
				en,
				Base,
				de,
			);
			mainGroup = DDF46DA82A0458FA0006327D;
			productRefGroup = DDF46DB22A0458FA0006327D /* Products */;
			projectDirPath = "";
			projectRoot = "";
			targets = (
				DDF46DB02A0458FA0006327D /* WorldOfPayback */,
				DDF46DC02A0458FB0006327D /* WorldOfPaybackTests */,
			);
		};
/* End PBXProject section */

/* Begin PBXResourcesBuildPhase section */
		DDF46DAF2A0458FA0006327D /* Resources */ = {
			isa = PBXResourcesBuildPhase;
			buildActionMask = 2147483647;
			files = (
				DD3EF63C2A0814CF002DDEBE /* Localizable.strings in Resources */,
				DDF46DE12A0459300006327D /* README.md in Resources */,
				DDF46DBC2A0458FB0006327D /* Preview Assets.xcassets in Resources */,
				DDF46DE22A0459300006327D /* PBTransactions.json in Resources */,
				DDF46DB92A0458FB0006327D /* Assets.xcassets in Resources */,
				DD3EF6412A081989002DDEBE /* swiftgen.yml in Resources */,
			);
			runOnlyForDeploymentPostprocessing = 0;
		};
		DDF46DBF2A0458FB0006327D /* Resources */ = {
			isa = PBXResourcesBuildPhase;
			buildActionMask = 2147483647;
			files = (
			);
			runOnlyForDeploymentPostprocessing = 0;
		};
/* End PBXResourcesBuildPhase section */

/* Begin PBXSourcesBuildPhase section */
		DDF46DAD2A0458FA0006327D /* Sources */ = {
			isa = PBXSourcesBuildPhase;
			buildActionMask = 2147483647;
			files = (
				DD2661EF2A066F8400A0A98F /* MockDataProvider.swift in Sources */,
				DD2661EC2A0667FA00A0A98F /* AppEnvironment.swift in Sources */,
				DD3EF6482A0821C9002DDEBE /* TransactionsFilter.swift in Sources */,
				DD22F6682A082FF00076F402 /* RequestManagerMock.swift in Sources */,
				DDF46DF22A045EF20006327D /* TransactionRequest.swift in Sources */,
				DD2661F52A06818300A0A98F /* TransactionItemCard.swift in Sources */,
				DD3EF64C2A082552002DDEBE /* TransactionServiceMock.swift in Sources */,
				DDF46DE62A0459A50006327D /* Transactions.swift in Sources */,
				DD00D7FF2A046173007EF999 /* APIConstants.swift in Sources */,
				DD3EF6462A081B9A002DDEBE /* TransactionDetailView.swift in Sources */,
				DD3EF6322A07C027002DDEBE /* DashboardView.swift in Sources */,
				DD22F66A2A0830380076F402 /* APIManagerMock.swift in Sources */,
				DDF46DB72A0458FA0006327D /* TransactionListView.swift in Sources */,
				DDF46DF02A045EC50006327D /* TransactionService.swift in Sources */,
				DD3EF6352A07C0D9002DDEBE /* SettingsView.swift in Sources */,
				DD2661F12A06732900A0A98F /* TransactionListModelView.swift in Sources */,
				DD3EF6382A07FC9A002DDEBE /* ErrorView.swift in Sources */,
				DD22F66E2A08325A0076F402 /* TransactionServiceFactory.swift in Sources */,
				DD3EF6432A081AE5002DDEBE /* LocalizedAppStrings.swift in Sources */,
				DDF46DB52A0458FA0006327D /* WorldOfPaybackApp.swift in Sources */,
			);
			runOnlyForDeploymentPostprocessing = 0;
		};
		DDF46DBD2A0458FB0006327D /* Sources */ = {
			isa = PBXSourcesBuildPhase;
			buildActionMask = 2147483647;
			files = (
				DD22F66C2A0830C40076F402 /* TransactionServiceTests.swift in Sources */,
				DD3EF64E2A0825BB002DDEBE /* TransactionListViewModelTests.swift in Sources */,
			);
			runOnlyForDeploymentPostprocessing = 0;
		};
/* End PBXSourcesBuildPhase section */

/* Begin PBXTargetDependency section */
		DDF46DC32A0458FB0006327D /* PBXTargetDependency */ = {
			isa = PBXTargetDependency;
			target = DDF46DB02A0458FA0006327D /* WorldOfPayback */;
			targetProxy = DDF46DC22A0458FB0006327D /* PBXContainerItemProxy */;
		};
/* End PBXTargetDependency section */

/* Begin PBXVariantGroup section */
		DD3EF63E2A0814CF002DDEBE /* Localizable.strings */ = {
			isa = PBXVariantGroup;
			children = (
				DD3EF63D2A0814CF002DDEBE /* en */,
				DD3EF63F2A0814E5002DDEBE /* de */,
			);
			name = Localizable.strings;
			sourceTree = "<group>";
		};
/* End PBXVariantGroup section */

/* Begin XCBuildConfiguration section */
		DDF46DD32A0458FB0006327D /* Debug */ = {
			isa = XCBuildConfiguration;
			buildSettings = {
				ALWAYS_SEARCH_USER_PATHS = NO;
				CLANG_ANALYZER_LOCALIZABILITY_NONLOCALIZED = YES;
				CLANG_ANALYZER_NONNULL = YES;
				CLANG_ANALYZER_NUMBER_OBJECT_CONVERSION = YES_AGGRESSIVE;
				CLANG_CXX_LANGUAGE_STANDARD = "gnu++20";
				CLANG_ENABLE_MODULES = YES;
				CLANG_ENABLE_OBJC_ARC = YES;
				CLANG_ENABLE_OBJC_WEAK = YES;
				CLANG_WARN_BLOCK_CAPTURE_AUTORELEASING = YES;
				CLANG_WARN_BOOL_CONVERSION = YES;
				CLANG_WARN_COMMA = YES;
				CLANG_WARN_CONSTANT_CONVERSION = YES;
				CLANG_WARN_DEPRECATED_OBJC_IMPLEMENTATIONS = YES;
				CLANG_WARN_DIRECT_OBJC_ISA_USAGE = YES_ERROR;
				CLANG_WARN_DOCUMENTATION_COMMENTS = YES;
				CLANG_WARN_EMPTY_BODY = YES;
				CLANG_WARN_ENUM_CONVERSION = YES;
				CLANG_WARN_INFINITE_RECURSION = YES;
				CLANG_WARN_INT_CONVERSION = YES;
				CLANG_WARN_NON_LITERAL_NULL_CONVERSION = YES;
				CLANG_WARN_OBJC_IMPLICIT_RETAIN_SELF = YES;
				CLANG_WARN_OBJC_LITERAL_CONVERSION = YES;
				CLANG_WARN_OBJC_ROOT_CLASS = YES_ERROR;
				CLANG_WARN_QUOTED_INCLUDE_IN_FRAMEWORK_HEADER = YES;
				CLANG_WARN_RANGE_LOOP_ANALYSIS = YES;
				CLANG_WARN_STRICT_PROTOTYPES = YES;
				CLANG_WARN_SUSPICIOUS_MOVE = YES;
				CLANG_WARN_UNGUARDED_AVAILABILITY = YES_AGGRESSIVE;
				CLANG_WARN_UNREACHABLE_CODE = YES;
				CLANG_WARN__DUPLICATE_METHOD_MATCH = YES;
				COPY_PHASE_STRIP = NO;
				DEBUG_INFORMATION_FORMAT = dwarf;
				ENABLE_STRICT_OBJC_MSGSEND = YES;
				ENABLE_TESTABILITY = YES;
				GCC_C_LANGUAGE_STANDARD = gnu11;
				GCC_DYNAMIC_NO_PIC = NO;
				GCC_NO_COMMON_BLOCKS = YES;
				GCC_OPTIMIZATION_LEVEL = 0;
				GCC_PREPROCESSOR_DEFINITIONS = (
					"DEBUG=1",
					"$(inherited)",
				);
				GCC_WARN_64_TO_32_BIT_CONVERSION = YES;
				GCC_WARN_ABOUT_RETURN_TYPE = YES_ERROR;
				GCC_WARN_UNDECLARED_SELECTOR = YES;
				GCC_WARN_UNINITIALIZED_AUTOS = YES_AGGRESSIVE;
				GCC_WARN_UNUSED_FUNCTION = YES;
				GCC_WARN_UNUSED_VARIABLE = YES;
				IPHONEOS_DEPLOYMENT_TARGET = 16.4;
				MTL_ENABLE_DEBUG_INFO = INCLUDE_SOURCE;
				MTL_FAST_MATH = YES;
				ONLY_ACTIVE_ARCH = YES;
				SDKROOT = iphoneos;
				SWIFT_ACTIVE_COMPILATION_CONDITIONS = DEBUG;
				SWIFT_OPTIMIZATION_LEVEL = "-Onone";
			};
			name = Debug;
		};
		DDF46DD42A0458FB0006327D /* Release */ = {
			isa = XCBuildConfiguration;
			buildSettings = {
				ALWAYS_SEARCH_USER_PATHS = NO;
				CLANG_ANALYZER_LOCALIZABILITY_NONLOCALIZED = YES;
				CLANG_ANALYZER_NONNULL = YES;
				CLANG_ANALYZER_NUMBER_OBJECT_CONVERSION = YES_AGGRESSIVE;
				CLANG_CXX_LANGUAGE_STANDARD = "gnu++20";
				CLANG_ENABLE_MODULES = YES;
				CLANG_ENABLE_OBJC_ARC = YES;
				CLANG_ENABLE_OBJC_WEAK = YES;
				CLANG_WARN_BLOCK_CAPTURE_AUTORELEASING = YES;
				CLANG_WARN_BOOL_CONVERSION = YES;
				CLANG_WARN_COMMA = YES;
				CLANG_WARN_CONSTANT_CONVERSION = YES;
				CLANG_WARN_DEPRECATED_OBJC_IMPLEMENTATIONS = YES;
				CLANG_WARN_DIRECT_OBJC_ISA_USAGE = YES_ERROR;
				CLANG_WARN_DOCUMENTATION_COMMENTS = YES;
				CLANG_WARN_EMPTY_BODY = YES;
				CLANG_WARN_ENUM_CONVERSION = YES;
				CLANG_WARN_INFINITE_RECURSION = YES;
				CLANG_WARN_INT_CONVERSION = YES;
				CLANG_WARN_NON_LITERAL_NULL_CONVERSION = YES;
				CLANG_WARN_OBJC_IMPLICIT_RETAIN_SELF = YES;
				CLANG_WARN_OBJC_LITERAL_CONVERSION = YES;
				CLANG_WARN_OBJC_ROOT_CLASS = YES_ERROR;
				CLANG_WARN_QUOTED_INCLUDE_IN_FRAMEWORK_HEADER = YES;
				CLANG_WARN_RANGE_LOOP_ANALYSIS = YES;
				CLANG_WARN_STRICT_PROTOTYPES = YES;
				CLANG_WARN_SUSPICIOUS_MOVE = YES;
				CLANG_WARN_UNGUARDED_AVAILABILITY = YES_AGGRESSIVE;
				CLANG_WARN_UNREACHABLE_CODE = YES;
				CLANG_WARN__DUPLICATE_METHOD_MATCH = YES;
				COPY_PHASE_STRIP = NO;
				DEBUG_INFORMATION_FORMAT = "dwarf-with-dsym";
				ENABLE_NS_ASSERTIONS = NO;
				ENABLE_STRICT_OBJC_MSGSEND = YES;
				GCC_C_LANGUAGE_STANDARD = gnu11;
				GCC_NO_COMMON_BLOCKS = YES;
				GCC_WARN_64_TO_32_BIT_CONVERSION = YES;
				GCC_WARN_ABOUT_RETURN_TYPE = YES_ERROR;
				GCC_WARN_UNDECLARED_SELECTOR = YES;
				GCC_WARN_UNINITIALIZED_AUTOS = YES_AGGRESSIVE;
				GCC_WARN_UNUSED_FUNCTION = YES;
				GCC_WARN_UNUSED_VARIABLE = YES;
				IPHONEOS_DEPLOYMENT_TARGET = 16.4;
				MTL_ENABLE_DEBUG_INFO = NO;
				MTL_FAST_MATH = YES;
				SDKROOT = iphoneos;
				SWIFT_COMPILATION_MODE = wholemodule;
				SWIFT_OPTIMIZATION_LEVEL = "-O";
				VALIDATE_PRODUCT = YES;
			};
			name = Release;
		};
		DDF46DD62A0458FB0006327D /* Debug */ = {
			isa = XCBuildConfiguration;
			buildSettings = {
				ASSETCATALOG_COMPILER_APPICON_NAME = AppIcon;
				ASSETCATALOG_COMPILER_GLOBAL_ACCENT_COLOR_NAME = AccentColor;
				CODE_SIGN_STYLE = Automatic;
				CURRENT_PROJECT_VERSION = 1;
				DEVELOPMENT_ASSET_PATHS = "\"WorldOfPayback/Preview Content\"";
				DEVELOPMENT_TEAM = K8CQ9C2992;
				ENABLE_PREVIEWS = YES;
				GENERATE_INFOPLIST_FILE = YES;
				INFOPLIST_FILE = WorldOfPayback/Common/Info.plist;
				INFOPLIST_KEY_UIApplicationSceneManifest_Generation = YES;
				INFOPLIST_KEY_UIApplicationSupportsIndirectInputEvents = YES;
				INFOPLIST_KEY_UILaunchScreen_Generation = YES;
				INFOPLIST_KEY_UISupportedInterfaceOrientations_iPad = "UIInterfaceOrientationPortrait UIInterfaceOrientationPortraitUpsideDown UIInterfaceOrientationLandscapeLeft UIInterfaceOrientationLandscapeRight";
				INFOPLIST_KEY_UISupportedInterfaceOrientations_iPhone = "UIInterfaceOrientationPortrait UIInterfaceOrientationLandscapeLeft UIInterfaceOrientationLandscapeRight";
				LD_RUNPATH_SEARCH_PATHS = (
					"$(inherited)",
					"@executable_path/Frameworks",
				);
				MARKETING_VERSION = 1.0;
				PRODUCT_BUNDLE_IDENTIFIER = com.yeser.WorldOfPayback;
				PRODUCT_NAME = "$(TARGET_NAME)";
				SWIFT_EMIT_LOC_STRINGS = YES;
				SWIFT_VERSION = 5.0;
				TARGETED_DEVICE_FAMILY = "1,2";
			};
			name = Debug;
		};
		DDF46DD72A0458FB0006327D /* Release */ = {
			isa = XCBuildConfiguration;
			buildSettings = {
				ASSETCATALOG_COMPILER_APPICON_NAME = AppIcon;
				ASSETCATALOG_COMPILER_GLOBAL_ACCENT_COLOR_NAME = AccentColor;
				CODE_SIGN_STYLE = Automatic;
				CURRENT_PROJECT_VERSION = 1;
				DEVELOPMENT_ASSET_PATHS = "\"WorldOfPayback/Preview Content\"";
				DEVELOPMENT_TEAM = K8CQ9C2992;
				ENABLE_PREVIEWS = YES;
				GENERATE_INFOPLIST_FILE = YES;
				INFOPLIST_FILE = WorldOfPayback/Common/Info.plist;
				INFOPLIST_KEY_UIApplicationSceneManifest_Generation = YES;
				INFOPLIST_KEY_UIApplicationSupportsIndirectInputEvents = YES;
				INFOPLIST_KEY_UILaunchScreen_Generation = YES;
				INFOPLIST_KEY_UISupportedInterfaceOrientations_iPad = "UIInterfaceOrientationPortrait UIInterfaceOrientationPortraitUpsideDown UIInterfaceOrientationLandscapeLeft UIInterfaceOrientationLandscapeRight";
				INFOPLIST_KEY_UISupportedInterfaceOrientations_iPhone = "UIInterfaceOrientationPortrait UIInterfaceOrientationLandscapeLeft UIInterfaceOrientationLandscapeRight";
				LD_RUNPATH_SEARCH_PATHS = (
					"$(inherited)",
					"@executable_path/Frameworks",
				);
				MARKETING_VERSION = 1.0;
				PRODUCT_BUNDLE_IDENTIFIER = com.yeser.WorldOfPayback;
				PRODUCT_NAME = "$(TARGET_NAME)";
				SWIFT_EMIT_LOC_STRINGS = YES;
				SWIFT_VERSION = 5.0;
				TARGETED_DEVICE_FAMILY = "1,2";
			};
			name = Release;
		};
		DDF46DD92A0458FB0006327D /* Debug */ = {
			isa = XCBuildConfiguration;
			buildSettings = {
				ALWAYS_EMBED_SWIFT_STANDARD_LIBRARIES = YES;
				BUNDLE_LOADER = "$(TEST_HOST)";
				CODE_SIGN_STYLE = Automatic;
				CURRENT_PROJECT_VERSION = 1;
				DEVELOPMENT_TEAM = K8CQ9C2992;
				GENERATE_INFOPLIST_FILE = YES;
				IPHONEOS_DEPLOYMENT_TARGET = 16.4;
				MARKETING_VERSION = 1.0;
				PRODUCT_BUNDLE_IDENTIFIER = com.yeser.WorldOfPaybackTests;
				PRODUCT_NAME = "$(TARGET_NAME)";
				SWIFT_EMIT_LOC_STRINGS = NO;
				SWIFT_VERSION = 5.0;
				TARGETED_DEVICE_FAMILY = "1,2";
				TEST_HOST = "$(BUILT_PRODUCTS_DIR)/WorldOfPayback.app/$(BUNDLE_EXECUTABLE_FOLDER_PATH)/WorldOfPayback";
			};
			name = Debug;
		};
		DDF46DDA2A0458FB0006327D /* Release */ = {
			isa = XCBuildConfiguration;
			buildSettings = {
				ALWAYS_EMBED_SWIFT_STANDARD_LIBRARIES = YES;
				BUNDLE_LOADER = "$(TEST_HOST)";
				CODE_SIGN_STYLE = Automatic;
				CURRENT_PROJECT_VERSION = 1;
				DEVELOPMENT_TEAM = K8CQ9C2992;
				GENERATE_INFOPLIST_FILE = YES;
				IPHONEOS_DEPLOYMENT_TARGET = 16.4;
				MARKETING_VERSION = 1.0;
				PRODUCT_BUNDLE_IDENTIFIER = com.yeser.WorldOfPaybackTests;
				PRODUCT_NAME = "$(TARGET_NAME)";
				SWIFT_EMIT_LOC_STRINGS = NO;
				SWIFT_VERSION = 5.0;
				TARGETED_DEVICE_FAMILY = "1,2";
				TEST_HOST = "$(BUILT_PRODUCTS_DIR)/WorldOfPayback.app/$(BUNDLE_EXECUTABLE_FOLDER_PATH)/WorldOfPayback";
			};
			name = Release;
		};
/* End XCBuildConfiguration section */

/* Begin XCConfigurationList section */
		DDF46DAC2A0458FA0006327D /* Build configuration list for PBXProject "WorldOfPayback" */ = {
			isa = XCConfigurationList;
			buildConfigurations = (
				DDF46DD32A0458FB0006327D /* Debug */,
				DDF46DD42A0458FB0006327D /* Release */,
			);
			defaultConfigurationIsVisible = 0;
			defaultConfigurationName = Release;
		};
		DDF46DD52A0458FB0006327D /* Build configuration list for PBXNativeTarget "WorldOfPayback" */ = {
			isa = XCConfigurationList;
			buildConfigurations = (
				DDF46DD62A0458FB0006327D /* Debug */,
				DDF46DD72A0458FB0006327D /* Release */,
			);
			defaultConfigurationIsVisible = 0;
			defaultConfigurationName = Release;
		};
		DDF46DD82A0458FB0006327D /* Build configuration list for PBXNativeTarget "WorldOfPaybackTests" */ = {
			isa = XCConfigurationList;
			buildConfigurations = (
				DDF46DD92A0458FB0006327D /* Debug */,
				DDF46DDA2A0458FB0006327D /* Release */,
			);
			defaultConfigurationIsVisible = 0;
			defaultConfigurationName = Release;
		};
/* End XCConfigurationList section */

/* Begin XCSwiftPackageProductDependency section */
		DD00D7FB2A046082007EF999 /* NetworkManager */ = {
			isa = XCSwiftPackageProductDependency;
			productName = NetworkManager;
		};
/* End XCSwiftPackageProductDependency section */
	};
	rootObject = DDF46DA92A0458FA0006327D /* Project object */;
}
